
Microsoft Visual Studio Solution File, Format Version 12.00
# Visual Studio Express 14 for Web
VisualStudioVersion = 14.0.25420.1
MinimumVisualStudioVersion = 10.0.40219.1
Project("{FAE04EC0-301F-11D3-BF4B-00C04F79EFBC}") = "Harjoitukset 1", "Harjoitukset1\Harjoitukset 1.csproj", "{A65653A4-67D4-400C-B134-65C7C5C1337F}"
EndProject
Project("{8BB2217D-0F2D-49D1-97BC-3654ED321F3B}") = "Harjoitukset 2", "Harjoitukset2\Harjoitukset 2.xproj", "{852CEE89-B5E4-4905-801C-6E7024DF6EAC}"
EndProject
Project("{8BB2217D-0F2D-49D1-97BC-3654ED321F3B}") = "Harjoitukset3-tehtava1", "Harjoitukset3-tehtava1\Harjoitukset3-tehtava1.xproj", "{49C66801-494D-41EE-B729-1C9770822B0F}"
EndProject
Project("{8BB2217D-0F2D-49D1-97BC-3654ED321F3B}") = "Harjoitukset3-tehtava2", "Harjoitukset3-tehtava2\Harjoitukset3-tehtava2.xproj", "{B88CEA36-C970-487F-9169-2FC7187EE119}"
EndProject
Project("{8BB2217D-0F2D-49D1-97BC-3654ED321F3B}") = "Harjoitukset3-tehtava4", "Harjoitukset3-tehtava4\Harjoitukset3-tehtava4.xproj", "{318F4E29-8994-4940-B1F0-1A93E1375F87}"
EndProject
Project("{8BB2217D-0F2D-49D1-97BC-3654ED321F3B}") = "Harjoitukset4-tehtava1", "Harjoitukset4-tehtava1\Harjoitukset4-tehtava1.xproj", "{995B0070-CC4F-47B0-AF90-BDECE35520E7}"
EndProject
Project("{8BB2217D-0F2D-49D1-97BC-3654ED321F3B}") = "Harjoitukset4-tehtava2", "Harjoitukset4-tehtava2\Harjoitukset4-tehtava2.xproj", "{1EC06DF7-D6A6-4467-BFC0-C06D5CA4C0EB}"
EndProject
Global
	GlobalSection(SolutionConfigurationPlatforms) = preSolution
		Debug|Any CPU = Debug|Any CPU
		Release|Any CPU = Release|Any CPU
	EndGlobalSection
	GlobalSection(ProjectConfigurationPlatforms) = postSolution
		{A65653A4-67D4-400C-B134-65C7C5C1337F}.Debug|Any CPU.ActiveCfg = Debug|Any CPU
		{A65653A4-67D4-400C-B134-65C7C5C1337F}.Debug|Any CPU.Build.0 = Debug|Any CPU
		{A65653A4-67D4-400C-B134-65C7C5C1337F}.Release|Any CPU.ActiveCfg = Release|Any CPU
		{A65653A4-67D4-400C-B134-65C7C5C1337F}.Release|Any CPU.Build.0 = Release|Any CPU
		{852CEE89-B5E4-4905-801C-6E7024DF6EAC}.Debug|Any CPU.ActiveCfg = Debug|Any CPU
		{852CEE89-B5E4-4905-801C-6E7024DF6EAC}.Debug|Any CPU.Build.0 = Debug|Any CPU
		{852CEE89-B5E4-4905-801C-6E7024DF6EAC}.Release|Any CPU.ActiveCfg = Release|Any CPU
		{852CEE89-B5E4-4905-801C-6E7024DF6EAC}.Release|Any CPU.Build.0 = Release|Any CPU
		{49C66801-494D-41EE-B729-1C9770822B0F}.Debug|Any CPU.ActiveCfg = Debug|Any CPU
		{49C66801-494D-41EE-B729-1C9770822B0F}.Debug|Any CPU.Build.0 = Debug|Any CPU
		{49C66801-494D-41EE-B729-1C9770822B0F}.Release|Any CPU.ActiveCfg = Release|Any CPU
		{49C66801-494D-41EE-B729-1C9770822B0F}.Release|Any CPU.Build.0 = Release|Any CPU
		{B88CEA36-C970-487F-9169-2FC7187EE119}.Debug|Any CPU.ActiveCfg = Debug|Any CPU
		{B88CEA36-C970-487F-9169-2FC7187EE119}.Debug|Any CPU.Build.0 = Debug|Any CPU
		{B88CEA36-C970-487F-9169-2FC7187EE119}.Release|Any CPU.ActiveCfg = Release|Any CPU
		{B88CEA36-C970-487F-9169-2FC7187EE119}.Release|Any CPU.Build.0 = Release|Any CPU
		{318F4E29-8994-4940-B1F0-1A93E1375F87}.Debug|Any CPU.ActiveCfg = Debug|Any CPU
		{318F4E29-8994-4940-B1F0-1A93E1375F87}.Debug|Any CPU.Build.0 = Debug|Any CPU
		{318F4E29-8994-4940-B1F0-1A93E1375F87}.Release|Any CPU.ActiveCfg = Release|Any CPU
		{318F4E29-8994-4940-B1F0-1A93E1375F87}.Release|Any CPU.Build.0 = Release|Any CPU
		{995B0070-CC4F-47B0-AF90-BDECE35520E7}.Debug|Any CPU.ActiveCfg = Debug|Any CPU
		{995B0070-CC4F-47B0-AF90-BDECE35520E7}.Debug|Any CPU.Build.0 = Debug|Any CPU
		{995B0070-CC4F-47B0-AF90-BDECE35520E7}.Release|Any CPU.ActiveCfg = Release|Any CPU
		{995B0070-CC4F-47B0-AF90-BDECE35520E7}.Release|Any CPU.Build.0 = Release|Any CPU
		{1EC06DF7-D6A6-4467-BFC0-C06D5CA4C0EB}.Debug|Any CPU.ActiveCfg = Debug|Any CPU
		{1EC06DF7-D6A6-4467-BFC0-C06D5CA4C0EB}.Debug|Any CPU.Build.0 = Debug|Any CPU
		{1EC06DF7-D6A6-4467-BFC0-C06D5CA4C0EB}.Release|Any CPU.ActiveCfg = Release|Any CPU
		{1EC06DF7-D6A6-4467-BFC0-C06D5CA4C0EB}.Release|Any CPU.Build.0 = Release|Any CPU
	EndGlobalSection
	GlobalSection(SolutionProperties) = preSolution
		HideSolutionNode = FALSE
	EndGlobalSection
EndGlobal
